
Microsoft Visual Studio Solution File, Format Version 12.00
# Visual Studio Version 17
VisualStudioVersion = 17.10.34928.147
MinimumVisualStudioVersion = 10.0.40219.1
Project("{FAE04EC0-301F-11D3-BF4B-00C04F79EFBC}") = "DoctorAppointmentBookingSystem", "DoctorAppointmentBookingSystem\DoctorAppointmentBookingSystem.csproj", "{CC5F71C4-75CD-44E6-AD0F-AC6973E4A11B}"
EndProject
Project("{FAE04EC0-301F-11D3-BF4B-00C04F79EFBC}") = "DoctorAppointmentBookingSystem.Data", "DoctorAppointmentBookingSystem.Data\DoctorAppointmentBookingSystem.Data.csproj", "{D2029D15-18C8-4288-AE9F-5F62148BCDE7}"
EndProject
Global
	GlobalSection(SolutionConfigurationPlatforms) = preSolution
		Debug|Any CPU = Debug|Any CPU
		Release|Any CPU = Release|Any CPU
	EndGlobalSection
	GlobalSection(ProjectConfigurationPlatforms) = postSolution
		{CC5F71C4-75CD-44E6-AD0F-AC6973E4A11B}.Debug|Any CPU.ActiveCfg = Debug|Any CPU
		{CC5F71C4-75CD-44E6-AD0F-AC6973E4A11B}.Debug|Any CPU.Build.0 = Debug|Any CPU
		{CC5F71C4-75CD-44E6-AD0F-AC6973E4A11B}.Release|Any CPU.ActiveCfg = Release|Any CPU
		{CC5F71C4-75CD-44E6-AD0F-AC6973E4A11B}.Release|Any CPU.Build.0 = Release|Any CPU
		{D2029D15-18C8-4288-AE9F-5F62148BCDE7}.Debug|Any CPU.ActiveCfg = Debug|Any CPU
		{D2029D15-18C8-4288-AE9F-5F62148BCDE7}.Debug|Any CPU.Build.0 = Debug|Any CPU
		{D2029D15-18C8-4288-AE9F-5F62148BCDE7}.Release|Any CPU.ActiveCfg = Release|Any CPU
		{D2029D15-18C8-4288-AE9F-5F62148BCDE7}.Release|Any CPU.Build.0 = Release|Any CPU
	EndGlobalSection
	GlobalSection(SolutionProperties) = preSolution
		HideSolutionNode = FALSE
	EndGlobalSection
	GlobalSection(ExtensibilityGlobals) = postSolution
		SolutionGuid = {1D7AF3B5-6F9C-4F1D-BCA1-7C8FB9BAF684}
	EndGlobalSection
EndGlobal
